# This file is autogenerated, do not edit; changes may be undone by the next 'dep ensure'.


[[projects]]
  digest = "1:fc4f149402c1fa7258290c3f91b0bfbc709763f3d3899609a2e4a0163dec65c6"
  name = "github.com/bwmarrin/discordgo"
  packages = ["."]
  pruneopts = "UT"
  revision = "8325a6bf6dd6c91ed4040a1617b07287b8fb0eba"
  version = "v0.19.0"

[[projects]]
  digest = "1:456f515a80bcc5c5d99beaee2dcb0d0598b6d4d02df804ac958f0e6e51d8e8d5"
  name = "github.com/go-redis/redis"
  packages = [
    ".",
    "internal",
    "internal/consistenthash",
    "internal/hashtag",
    "internal/pool",
    "internal/proto",
    "internal/util",
  ]
  pruneopts = "UT"
  revision = "16ab0f2ac309166bfef5cde51742f84c61c1e73c"
  version = "v6.15.9"

[[projects]]
  digest = "1:ffe5ba52b122a56df4f9854ea2918e0d9f86e74919db63dc138f8fee3253d3d6"
  name = "github.com/google/uuid"
  packages = ["."]
  pruneopts = "UT"
  revision = "0e4e31197428a347842d152773b4cace4645ca25"
  version = "v1.1.2"

[[projects]]
  digest = "1:6d29f02f0f01c627c2be40fb7347669a9ff2aa215cb97747294c1d13ffa74bdd"
  name = "github.com/gorilla/websocket"
  packages = ["."]
  pruneopts = "UT"
  revision = "b65e62901fc1c0d968042419e74789f6af455eb9"
  version = "v1.4.2"

[[projects]]
  branch = "master"
  digest = "1:6f3e9ec3cbc976219fd3aa3f13479aa35b2b6c16a3bfd92f600f37e3f611c0de"
  name = "github.com/jonas747/dca"
  packages = ["."]
  pruneopts = "UT"
  revision = "fe85ccf0947afd77d5b0f67adfa6e8615d6dd9ed"

[[projects]]
  branch = "master"
  digest = "1:2cedd8c2a2b53319becef11267df01249a95b1611b7e73b01c0cabbf6db785c0"
  name = "github.com/jonas747/ogg"
  packages = ["."]
  pruneopts = "UT"
  revision = "b4f6f4cf3757a3bf88eae9222045b99b9d76d8ca"

[[projects]]
  branch = "master"
  digest = "1:1714bd928fd176237ccdea21695bf72801c1ee5f51bccefb69b87f0fd376a6aa"
  name = "golang.org/x/crypto"
  packages = [
    "internal/subtle",
    "nacl/secretbox",
    "poly1305",
    "salsa20/salsa",
  ]
  pruneopts = "UT"
  revision = "84dcc777aaee85807c99afb056f496a3a8b3d8de"

[[projects]]
  branch = "master"
  digest = "1:c3aea81ea905b10d7dc096be4b2b594cc96468ccce9506b093729149f2ff72c9"
  name = "golang.org/x/sys"
  packages = ["cpu"]
  pruneopts = "UT"
  revision = "2da7054afaeb62259b1cc931cdaca533392f2c77"

[solve-meta]
  analyzer-name = "dep"
  analyzer-version = 1
  input-imports = [
    "github.com/bwmarrin/discordgo",
    "github.com/go-redis/redis",
    "github.com/google/uuid",
    "github.com/jonas747/dca",
  ]
  solver-name = "gps-cdcl"
  solver-version = 1
