# This file is autogenerated, do not edit; changes may be undone by the next 'dep ensure'.


[[projects]]
  digest = "1:99c79dc08249968d203bf4210220c01bd8250301600f5daf0a81f4c5f184f8d9"
  name = "github.com/bwmarrin/discordgo"
  packages = ["."]
  pruneopts = "UT"
  revision = "befbea878e0f1d0bb21be6723b6cf6db2689f6a8"
  version = "v0.22.0"

[[projects]]
  digest = "1:456f515a80bcc5c5d99beaee2dcb0d0598b6d4d02df804ac958f0e6e51d8e8d5"
  name = "github.com/go-redis/redis"
  packages = [
    ".",
    "internal",
    "internal/consistenthash",
    "internal/hashtag",
    "internal/pool",
    "internal/proto",
    "internal/util",
  ]
  pruneopts = "UT"
  revision = "16ab0f2ac309166bfef5cde51742f84c61c1e73c"
  version = "v6.15.9"

[[projects]]
  digest = "1:ffe5ba52b122a56df4f9854ea2918e0d9f86e74919db63dc138f8fee3253d3d6"
  name = "github.com/google/uuid"
  packages = ["."]
  pruneopts = "UT"
  revision = "0e4e31197428a347842d152773b4cace4645ca25"
  version = "v1.1.2"

[[projects]]
  digest = "1:6d29f02f0f01c627c2be40fb7347669a9ff2aa215cb97747294c1d13ffa74bdd"
  name = "github.com/gorilla/websocket"
  packages = ["."]
  pruneopts = "UT"
  revision = "b65e62901fc1c0d968042419e74789f6af455eb9"
  version = "v1.4.2"

[[projects]]
  branch = "master"
  digest = "1:6f3e9ec3cbc976219fd3aa3f13479aa35b2b6c16a3bfd92f600f37e3f611c0de"
  name = "github.com/jonas747/dca"
  packages = ["."]
  pruneopts = "UT"
  revision = "fe85ccf0947afd77d5b0f67adfa6e8615d6dd9ed"

[[projects]]
  branch = "master"
  digest = "1:2cedd8c2a2b53319becef11267df01249a95b1611b7e73b01c0cabbf6db785c0"
  name = "github.com/jonas747/ogg"
  packages = ["."]
  pruneopts = "UT"
  revision = "b4f6f4cf3757a3bf88eae9222045b99b9d76d8ca"

[[projects]]
  branch = "master"
  digest = "1:1714bd928fd176237ccdea21695bf72801c1ee5f51bccefb69b87f0fd376a6aa"
  name = "golang.org/x/crypto"
  packages = [
    "internal/subtle",
    "nacl/secretbox",
    "poly1305",
    "salsa20/salsa",
  ]
  pruneopts = "UT"
  revision = "9e8e0b390897c84cad53ebe9ed2d1d331a5394d9"

[[projects]]
  branch = "master"
  digest = "1:2774f08af92ca0b6d5e5727253762e8c1c1d908a6e7d795506b6cefa38ae1b58"
  name = "golang.org/x/sys"
  packages = ["cpu"]
  pruneopts = "UT"
  revision = "da207088b7d1961c44ec61e9dc15a73745693ab6"

[solve-meta]
  analyzer-name = "dep"
  analyzer-version = 1
  input-imports = [
    "github.com/bwmarrin/discordgo",
    "github.com/go-redis/redis",
    "github.com/google/uuid",
    "github.com/jonas747/dca",
  ]
  solver-name = "gps-cdcl"
  solver-version = 1
